
Microsoft Visual Studio Solution File, Format Version 11.00
# Visual Studio 2010
Project("{FAE04EC0-301F-11D3-BF4B-00C04F79EFBC}") = "mlApp", "mlApp\mlApp.csproj", "{8CD04056-E7CE-4895-B55B-6EB38E5334D9}"
EndProject
Project("{FAE04EC0-301F-11D3-BF4B-00C04F79EFBC}") = "mlLib", "mlLib\mlLib.csproj", "{681ACE39-02AC-4C3C-9A78-0CFAAC52FF5C}"
EndProject
Global
	GlobalSection(SolutionConfigurationPlatforms) = preSolution
		Debug|Any CPU = Debug|Any CPU
		Debug|Mixed Platforms = Debug|Mixed Platforms
		Debug|x86 = Debug|x86
		Release|Any CPU = Release|Any CPU
		Release|Mixed Platforms = Release|Mixed Platforms
		Release|x86 = Release|x86
	EndGlobalSection
	GlobalSection(ProjectConfigurationPlatforms) = postSolution
		{8CD04056-E7CE-4895-B55B-6EB38E5334D9}.Debug|Any CPU.ActiveCfg = Debug|Any CPU
		{8CD04056-E7CE-4895-B55B-6EB38E5334D9}.Debug|Any CPU.Build.0 = Debug|Any CPU
		{8CD04056-E7CE-4895-B55B-6EB38E5334D9}.Debug|Mixed Platforms.ActiveCfg = Debug|Any CPU
		{8CD04056-E7CE-4895-B55B-6EB38E5334D9}.Debug|Mixed Platforms.Build.0 = Debug|Any CPU
		{8CD04056-E7CE-4895-B55B-6EB38E5334D9}.Debug|x86.ActiveCfg = Debug|Any CPU
		{8CD04056-E7CE-4895-B55B-6EB38E5334D9}.Debug|x86.Build.0 = Debug|Any CPU
		{8CD04056-E7CE-4895-B55B-6EB38E5334D9}.Release|Any CPU.ActiveCfg = Release|Any CPU
		{8CD04056-E7CE-4895-B55B-6EB38E5334D9}.Release|Mixed Platforms.ActiveCfg = Release|Any CPU
		{8CD04056-E7CE-4895-B55B-6EB38E5334D9}.Release|Mixed Platforms.Build.0 = Release|Any CPU
		{8CD04056-E7CE-4895-B55B-6EB38E5334D9}.Release|x86.ActiveCfg = Release|Any CPU
		{8CD04056-E7CE-4895-B55B-6EB38E5334D9}.Release|x86.Build.0 = Release|Any CPU
		{681ACE39-02AC-4C3C-9A78-0CFAAC52FF5C}.Debug|Any CPU.ActiveCfg = Debug|Any CPU
		{681ACE39-02AC-4C3C-9A78-0CFAAC52FF5C}.Debug|Any CPU.Build.0 = Debug|Any CPU
		{681ACE39-02AC-4C3C-9A78-0CFAAC52FF5C}.Debug|Mixed Platforms.ActiveCfg = Debug|Any CPU
		{681ACE39-02AC-4C3C-9A78-0CFAAC52FF5C}.Debug|Mixed Platforms.Build.0 = Debug|Any CPU
		{681ACE39-02AC-4C3C-9A78-0CFAAC52FF5C}.Debug|x86.ActiveCfg = Debug|Any CPU
		{681ACE39-02AC-4C3C-9A78-0CFAAC52FF5C}.Release|Any CPU.ActiveCfg = Release|Any CPU
		{681ACE39-02AC-4C3C-9A78-0CFAAC52FF5C}.Release|Any CPU.Build.0 = Release|Any CPU
		{681ACE39-02AC-4C3C-9A78-0CFAAC52FF5C}.Release|Mixed Platforms.ActiveCfg = Release|Any CPU
		{681ACE39-02AC-4C3C-9A78-0CFAAC52FF5C}.Release|Mixed Platforms.Build.0 = Release|Any CPU
		{681ACE39-02AC-4C3C-9A78-0CFAAC52FF5C}.Release|x86.ActiveCfg = Release|Any CPU
	EndGlobalSection
	GlobalSection(SolutionProperties) = preSolution
		HideSolutionNode = FALSE
	EndGlobalSection
EndGlobal
